
Microsoft Visual Studio Solution File, Format Version 12.00
# Visual Studio 15
VisualStudioVersion = 15.0.28307.1500
MinimumVisualStudioVersion = 10.0.40219.1
Project("{FAE04EC0-301F-11D3-BF4B-00C04F79EFBC}") = "CRUDImplementation", "CRUDImplementation\CRUDImplementation.csproj", "{3618977C-71BE-4B61-BF03-FB4995A85E4D}"
EndProject
Global
	GlobalSection(SolutionConfigurationPlatforms) = preSolution
		Debug|Any CPU = Debug|Any CPU
		Release|Any CPU = Release|Any CPU
	EndGlobalSection
	GlobalSection(ProjectConfigurationPlatforms) = postSolution
		{3618977C-71BE-4B61-BF03-FB4995A85E4D}.Debug|Any CPU.ActiveCfg = Debug|Any CPU
		{3618977C-71BE-4B61-BF03-FB4995A85E4D}.Debug|Any CPU.Build.0 = Debug|Any CPU
		{3618977C-71BE-4B61-BF03-FB4995A85E4D}.Release|Any CPU.ActiveCfg = Release|Any CPU
		{3618977C-71BE-4B61-BF03-FB4995A85E4D}.Release|Any CPU.Build.0 = Release|Any CPU
	EndGlobalSection
	GlobalSection(SolutionProperties) = preSolution
		HideSolutionNode = FALSE
	EndGlobalSection
	GlobalSection(ExtensibilityGlobals) = postSolution
		SolutionGuid = {2B8BAD2A-FC42-4939-9488-59A7542029B0}
	EndGlobalSection
EndGlobal
